lockfileVersion: 6
skills:
  axm:
    type: registry
    sourceType: registry
    endpoint: https://registry.agentxm.ai/
    extensionType: skill
    workspaceName: axm
    packageFormat: agentxm
    owner: "@agentxm"
    name: axm
    resolvedVersion: 0.28.1
    integrity: sha512-Zqxtj4U8WGGZ6aKAcZ77K6JICbwVSLfqym3CoUL1Ygxzze8bdaIbaLG2Fbv1seqNb9uKGZ/LCHexNVqoXWWccQ==
    sourceName: agentxm
    publisherBindingId: hbnd_01ks5vvdf0efz9m4w5qsv4q5qp
    treeIntegrity: sha256-tree-v1:10bcaa35d8d554da2930c4e4978a5d9608dbef5ae84d2297aeb03c684e5ba257
