lockfileVersion: 7
skills:
  axm:
    type: registry
    sourceType: registry
    endpoint: https://registry.agentxm.ai/
    extensionType: skill
    workspaceName: axm
    packageFormat: agentxm
    owner: "@agentxm"
    name: axm
    resolvedVersion: 0.28.12
    integrity: sha512-BMFv2eIRyCAaD2QzOyvFEzNw778nsYq0p37YJeBHsALyV6PKzSiFHhbcktSb6CoznSyPALvbV2rb3LyS76P33Q==
    sourceName: agentxm
    publisherBindingId: hbnd_01ks5vvdf0efz9m4w5qsv4q5qp
    treeIntegrity: sha256-tree-v1:3dcf402c6a7c28115138c9ce4c327de402e760327e16de3b1cf99ee5fe3ac52f
