lockfileVersion: 4
skills:
  axm:
    type: registry
    owner: "@agentxm"
    name: axm
    resolvedVersion: 0.27.17
    integrity: sha512-BYP3WzVgZqR8/KGiMJ0bq3P3HeE6Ks3fBxjJWa+yjis3h26ZV+uSQb+LmDltLdsSkligrHOVgZ6nCouAs+bSPQ==
    sourceName: default
    publisherBindingId: hbnd_01ks5vvdf0efz9m4w5qsv4q5qp
